
Microsoft Visual Studio Solution File, Format Version 12.00
# Visual Studio Version 16
VisualStudioVersion = 16.0.29306.81
MinimumVisualStudioVersion = 10.0.40219.1
Project("{FAE04EC0-301F-11D3-BF4B-00C04F79EFBC}") = "PolyBridgeBeamNGExporter", "PolyBridgeBeamNGExporter\PolyBridgeBeamNGExporter.csproj", "{C14C30B5-49A5-432C-827E-213DB81ED67E}"
EndProject
Global
	GlobalSection(SolutionConfigurationPlatforms) = preSolution
		Debug|Any CPU = Debug|Any CPU
		Release|Any CPU = Release|Any CPU
	EndGlobalSection
	GlobalSection(ProjectConfigurationPlatforms) = postSolution
		{C14C30B5-49A5-432C-827E-213DB81ED67E}.Debug|Any CPU.ActiveCfg = Debug|Any CPU
		{C14C30B5-49A5-432C-827E-213DB81ED67E}.Debug|Any CPU.Build.0 = Debug|Any CPU
		{C14C30B5-49A5-432C-827E-213DB81ED67E}.Release|Any CPU.ActiveCfg = Release|Any CPU
		{C14C30B5-49A5-432C-827E-213DB81ED67E}.Release|Any CPU.Build.0 = Release|Any CPU
	EndGlobalSection
	GlobalSection(SolutionProperties) = preSolution
		HideSolutionNode = FALSE
	EndGlobalSection
	GlobalSection(ExtensibilityGlobals) = postSolution
		SolutionGuid = {38EC1BE7-E136-4985-A289-9C16BC2090E1}
	EndGlobalSection
EndGlobal
